<?xml version="1.0" encoding="utf-8"?>
<Project ToolsVersion="4.0" xmlns="http://schemas.microsoft.com/developer/msbuild/2003">
  <ItemGroup>
    <ClCompile Include="Attractor.cpp" />
    <ClCompile Include="BattleScreen.cpp" />
    <ClCompile Include="Bullet.cpp" />
    <ClCompile Include="Button.cpp" />
    <ClCompile Include="Character.cpp" />
    <ClCompile Include="Enemy.cpp" />
    <ClCompile Include="Game.cpp" />
    <ClCompile Include="GameOverScreen.cpp" />
    <ClCompile Include="IPB.cpp" />
    <ClCompile Include="LoadGameScreen.cpp" />
    <ClCompile Include="LTexture.cpp" />
    <ClCompile Include="MainMenuScreen.cpp" />
    <ClCompile Include="PauseScreen.cpp" />
    <ClCompile Include="pch.cpp" />
    <ClCompile Include="Player.cpp" />
    <ClCompile Include="Queue.cpp" />
    <ClCompile Include="SelectLevelScreen.cpp" />
    <ClCompile Include="Unit.cpp" />
    <ClCompile Include="Weapon.cpp" />
    <ClCompile Include="Word.cpp" />
    <ClCompile Include="UnitFactory.cpp" />
    <ClCompile Include="GameScreen.cpp" />
    <ClCompile Include="orbs.cpp" />
  </ItemGroup>
  <ItemGroup>
    <ClInclude Include="Attractor.h" />
    <ClInclude Include="BattleScreen.h" />
    <ClInclude Include="Bullet.h" />
    <ClInclude Include="Button.h" />
    <ClInclude Include="Character.h" />
    <ClInclude Include="constants.h" />
    <ClInclude Include="EasterEgg.h" />
    <ClInclude Include="Enemy.h" />
    <ClInclude Include="Game.h" />
    <ClInclude Include="GameOverScreen.h" />
    <ClInclude Include="GameScreen.h" />
    <ClInclude Include="Gravity.h" />
    <ClInclude Include="Level.h" />
    <ClInclude Include="LoadGameScreen.h" />
    <ClInclude Include="LTexture.h" />
    <ClInclude Include="MainMenuScreen.h" />
    <ClInclude Include="Node.h" />
    <ClInclude Include="PauseScreen.h" />
    <ClInclude Include="pch.h" />
    <ClInclude Include="Player.h" />
    <ClInclude Include="Point.h" />
    <ClInclude Include="Queue.h" />
    <ClInclude Include="SelectLevelScreen.h" />
    <ClInclude Include="Unit.h" />
    <ClInclude Include="UnitFactory.h" />
    <ClInclude Include="Weapon.h" />
    <ClInclude Include="Word.h" />
    <ClInclude Include="orbs.h" />
  </ItemGroup>
</Project>